// !$*UTF8*$!
{
	archiveVersion = 1;
	classes = {
	};
	objectVersion = 56;
	objects = {

/* Begin PBXBuildFile section */
		B70D145D2ABB5FA5001F4014 /* LoginViewController.swift in Sources */ = {isa = PBXBuildFile; fileRef = B70D145C2ABB5FA5001F4014 /* LoginViewController.swift */; };
		B70D145F2ABB663D001F4014 /* MenuViewController.swift in Sources */ = {isa = PBXBuildFile; fileRef = B70D145E2ABB663D001F4014 /* MenuViewController.swift */; };
		B7350C8E2AB773E100C33F7D /* AppDelegate.swift in Sources */ = {isa = PBXBuildFile; fileRef = B7350C8D2AB773E100C33F7D /* AppDelegate.swift */; };
		B7350C902AB773E100C33F7D /* SceneDelegate.swift in Sources */ = {isa = PBXBuildFile; fileRef = B7350C8F2AB773E100C33F7D /* SceneDelegate.swift */; };
		B7350C922AB773E100C33F7D /* ViewController.swift in Sources */ = {isa = PBXBuildFile; fileRef = B7350C912AB773E100C33F7D /* ViewController.swift */; };
		B7350C952AB773E100C33F7D /* Main.storyboard in Resources */ = {isa = PBXBuildFile; fileRef = B7350C932AB773E100C33F7D /* Main.storyboard */; };
		B7350C972AB773E200C33F7D /* Assets.xcassets in Resources */ = {isa = PBXBuildFile; fileRef = B7350C962AB773E200C33F7D /* Assets.xcassets */; };
		B7350C9A2AB773E200C33F7D /* LaunchScreen.storyboard in Resources */ = {isa = PBXBuildFile; fileRef = B7350C982AB773E200C33F7D /* LaunchScreen.storyboard */; };
		B7446D952AC491B9001D80B3 /* AdminPlatoTableViewCell.swift in Sources */ = {isa = PBXBuildFile; fileRef = B7446D942AC491B9001D80B3 /* AdminPlatoTableViewCell.swift */; };
		B7446D972AC492A0001D80B3 /* AdminPlatoViewController.swift in Sources */ = {isa = PBXBuildFile; fileRef = B7446D962AC492A0001D80B3 /* AdminPlatoViewController.swift */; };
		B7446D992AC49344001D80B3 /* AdminPlato.swift in Sources */ = {isa = PBXBuildFile; fileRef = B7446D982AC49344001D80B3 /* AdminPlato.swift */; };
		B7446D9D2AC4A385001D80B3 /* AdminEmpleadoTableViewCell.swift in Sources */ = {isa = PBXBuildFile; fileRef = B7446D9C2AC4A385001D80B3 /* AdminEmpleadoTableViewCell.swift */; };
		B7446D9F2AC4A565001D80B3 /* AdminEmpleado.swift in Sources */ = {isa = PBXBuildFile; fileRef = B7446D9E2AC4A565001D80B3 /* AdminEmpleado.swift */; };
		B7446DA12AC4A5DE001D80B3 /* AdminEmpleadoViewController.swift in Sources */ = {isa = PBXBuildFile; fileRef = B7446DA02AC4A5DE001D80B3 /* AdminEmpleadoViewController.swift */; };
		B747EF8B2ADAE55F00589DA7 /* RegisterAltViewController.swift in Sources */ = {isa = PBXBuildFile; fileRef = B747EF8A2ADAE55F00589DA7 /* RegisterAltViewController.swift */; };
		B76772632AC881BF0024A694 /* CartaTableViewCell.swift in Sources */ = {isa = PBXBuildFile; fileRef = B76772622AC881BF0024A694 /* CartaTableViewCell.swift */; };
		B76772652AC882200024A694 /* CartaViewController.swift in Sources */ = {isa = PBXBuildFile; fileRef = B76772642AC882200024A694 /* CartaViewController.swift */; };
		B76772672AC882630024A694 /* Carta.swift in Sources */ = {isa = PBXBuildFile; fileRef = B76772662AC882630024A694 /* Carta.swift */; };
		B77A6BF92ABF46FA009D55B6 /* AdminLoginViewController.swift in Sources */ = {isa = PBXBuildFile; fileRef = B77A6BF82ABF46FA009D55B6 /* AdminLoginViewController.swift */; };
		B77A6BFD2ABF4C32009D55B6 /* AdminViewController.swift in Sources */ = {isa = PBXBuildFile; fileRef = B77A6BFC2ABF4C32009D55B6 /* AdminViewController.swift */; };
		B7C5363F2AD716CC0083609C /* LoginAltViewController.swift in Sources */ = {isa = PBXBuildFile; fileRef = B7C5363E2AD716CC0083609C /* LoginAltViewController.swift */; };
		B7D8199C2ADB034400D019B9 /* CreditosViewController.swift in Sources */ = {isa = PBXBuildFile; fileRef = B7D8199B2ADB034400D019B9 /* CreditosViewController.swift */; };
		B7DDCDA52AD1A4B80029242D /* RegisterViewController.swift in Sources */ = {isa = PBXBuildFile; fileRef = B7DDCDA42AD1A4B80029242D /* RegisterViewController.swift */; };
		B7DDCDA72AD1AA5A0029242D /* CartaSecondViewController.swift in Sources */ = {isa = PBXBuildFile; fileRef = B7DDCDA62AD1AA5A0029242D /* CartaSecondViewController.swift */; };
		B7E7D8BB2AD7208E0050D737 /* CarritoViewController.swift in Sources */ = {isa = PBXBuildFile; fileRef = B7E7D8BA2AD7208E0050D737 /* CarritoViewController.swift */; };
		B7FD320A2AC866A700104E81 /* AdminBebidaTableViewCell.swift in Sources */ = {isa = PBXBuildFile; fileRef = B7FD32092AC866A700104E81 /* AdminBebidaTableViewCell.swift */; };
		B7FD320C2AC868E000104E81 /* AdminBebida.swift in Sources */ = {isa = PBXBuildFile; fileRef = B7FD320B2AC868E000104E81 /* AdminBebida.swift */; };
		B7FD32102AC871F500104E81 /* AdminBebidaViewController.swift in Sources */ = {isa = PBXBuildFile; fileRef = B7FD320F2AC871F500104E81 /* AdminBebidaViewController.swift */; };
/* End PBXBuildFile section */

/* Begin PBXFileReference section */
		B70D145C2ABB5FA5001F4014 /* LoginViewController.swift */ = {isa = PBXFileReference; lastKnownFileType = sourcecode.swift; path = LoginViewController.swift; sourceTree = "<group>"; };
		B70D145E2ABB663D001F4014 /* MenuViewController.swift */ = {isa = PBXFileReference; lastKnownFileType = sourcecode.swift; path = MenuViewController.swift; sourceTree = "<group>"; };
		B7350C8A2AB773E100C33F7D /* HuacaBrava.app */ = {isa = PBXFileReference; explicitFileType = wrapper.application; includeInIndex = 0; path = HuacaBrava.app; sourceTree = BUILT_PRODUCTS_DIR; };
		B7350C8D2AB773E100C33F7D /* AppDelegate.swift */ = {isa = PBXFileReference; lastKnownFileType = sourcecode.swift; path = AppDelegate.swift; sourceTree = "<group>"; };
		B7350C8F2AB773E100C33F7D /* SceneDelegate.swift */ = {isa = PBXFileReference; lastKnownFileType = sourcecode.swift; path = SceneDelegate.swift; sourceTree = "<group>"; };
		B7350C912AB773E100C33F7D /* ViewController.swift */ = {isa = PBXFileReference; lastKnownFileType = sourcecode.swift; path = ViewController.swift; sourceTree = "<group>"; };
		B7350C942AB773E100C33F7D /* Base */ = {isa = PBXFileReference; lastKnownFileType = file.storyboard; name = Base; path = Base.lproj/Main.storyboard; sourceTree = "<group>"; };
		B7350C962AB773E200C33F7D /* Assets.xcassets */ = {isa = PBXFileReference; lastKnownFileType = folder.assetcatalog; path = Assets.xcassets; sourceTree = "<group>"; };
		B7350C992AB773E200C33F7D /* Base */ = {isa = PBXFileReference; lastKnownFileType = file.storyboard; name = Base; path = Base.lproj/LaunchScreen.storyboard; sourceTree = "<group>"; };
		B7350C9B2AB773E200C33F7D /* Info.plist */ = {isa = PBXFileReference; lastKnownFileType = text.plist.xml; path = Info.plist; sourceTree = "<group>"; };
		B7446D942AC491B9001D80B3 /* AdminPlatoTableViewCell.swift */ = {isa = PBXFileReference; lastKnownFileType = sourcecode.swift; path = AdminPlatoTableViewCell.swift; sourceTree = "<group>"; };
		B7446D962AC492A0001D80B3 /* AdminPlatoViewController.swift */ = {isa = PBXFileReference; lastKnownFileType = sourcecode.swift; path = AdminPlatoViewController.swift; sourceTree = "<group>"; };
		B7446D982AC49344001D80B3 /* AdminPlato.swift */ = {isa = PBXFileReference; lastKnownFileType = sourcecode.swift; path = AdminPlato.swift; sourceTree = "<group>"; };
		B7446D9C2AC4A385001D80B3 /* AdminEmpleadoTableViewCell.swift */ = {isa = PBXFileReference; lastKnownFileType = sourcecode.swift; path = AdminEmpleadoTableViewCell.swift; sourceTree = "<group>"; };
		B7446D9E2AC4A565001D80B3 /* AdminEmpleado.swift */ = {isa = PBXFileReference; lastKnownFileType = sourcecode.swift; path = AdminEmpleado.swift; sourceTree = "<group>"; };
		B7446DA02AC4A5DE001D80B3 /* AdminEmpleadoViewController.swift */ = {isa = PBXFileReference; lastKnownFileType = sourcecode.swift; path = AdminEmpleadoViewController.swift; sourceTree = "<group>"; };
		B747EF8A2ADAE55F00589DA7 /* RegisterAltViewController.swift */ = {isa = PBXFileReference; lastKnownFileType = sourcecode.swift; path = RegisterAltViewController.swift; sourceTree = "<group>"; };
		B76772622AC881BF0024A694 /* CartaTableViewCell.swift */ = {isa = PBXFileReference; lastKnownFileType = sourcecode.swift; path = CartaTableViewCell.swift; sourceTree = "<group>"; };
		B76772642AC882200024A694 /* CartaViewController.swift */ = {isa = PBXFileReference; lastKnownFileType = sourcecode.swift; path = CartaViewController.swift; sourceTree = "<group>"; };
		B76772662AC882630024A694 /* Carta.swift */ = {isa = PBXFileReference; lastKnownFileType = sourcecode.swift; path = Carta.swift; sourceTree = "<group>"; };
		B77A6BF82ABF46FA009D55B6 /* AdminLoginViewController.swift */ = {isa = PBXFileReference; lastKnownFileType = sourcecode.swift; path = AdminLoginViewController.swift; sourceTree = "<group>"; };
		B77A6BFC2ABF4C32009D55B6 /* AdminViewController.swift */ = {isa = PBXFileReference; lastKnownFileType = sourcecode.swift; path = AdminViewController.swift; sourceTree = "<group>"; };
		B7C5363E2AD716CC0083609C /* LoginAltViewController.swift */ = {isa = PBXFileReference; lastKnownFileType = sourcecode.swift; path = LoginAltViewController.swift; sourceTree = "<group>"; };
		B7D8199B2ADB034400D019B9 /* CreditosViewController.swift */ = {isa = PBXFileReference; lastKnownFileType = sourcecode.swift; path = CreditosViewController.swift; sourceTree = "<group>"; };
		B7DDCDA42AD1A4B80029242D /* RegisterViewController.swift */ = {isa = PBXFileReference; lastKnownFileType = sourcecode.swift; path = RegisterViewController.swift; sourceTree = "<group>"; };
		B7DDCDA62AD1AA5A0029242D /* CartaSecondViewController.swift */ = {isa = PBXFileReference; lastKnownFileType = sourcecode.swift; path = CartaSecondViewController.swift; sourceTree = "<group>"; };
		B7E7D8BA2AD7208E0050D737 /* CarritoViewController.swift */ = {isa = PBXFileReference; lastKnownFileType = sourcecode.swift; path = CarritoViewController.swift; sourceTree = "<group>"; };
		B7FD32092AC866A700104E81 /* AdminBebidaTableViewCell.swift */ = {isa = PBXFileReference; lastKnownFileType = sourcecode.swift; path = AdminBebidaTableViewCell.swift; sourceTree = "<group>"; };
		B7FD320B2AC868E000104E81 /* AdminBebida.swift */ = {isa = PBXFileReference; lastKnownFileType = sourcecode.swift; path = AdminBebida.swift; sourceTree = "<group>"; };
		B7FD320F2AC871F500104E81 /* AdminBebidaViewController.swift */ = {isa = PBXFileReference; lastKnownFileType = sourcecode.swift; path = AdminBebidaViewController.swift; sourceTree = "<group>"; };
/* End PBXFileReference section */

/* Begin PBXFrameworksBuildPhase section */
		B7350C872AB773E100C33F7D /* Frameworks */ = {
			isa = PBXFrameworksBuildPhase;
			buildActionMask = 2147483647;
			files = (
			);
			runOnlyForDeploymentPostprocessing = 0;
		};
/* End PBXFrameworksBuildPhase section */

/* Begin PBXGroup section */
		B7350C812AB773E100C33F7D = {
			isa = PBXGroup;
			children = (
				B7350C8C2AB773E100C33F7D /* HuacaBrava */,
				B7350C8B2AB773E100C33F7D /* Products */,
			);
			sourceTree = "<group>";
		};
		B7350C8B2AB773E100C33F7D /* Products */ = {
			isa = PBXGroup;
			children = (
				B7350C8A2AB773E100C33F7D /* HuacaBrava.app */,
			);
			name = Products;
			sourceTree = "<group>";
		};
		B7350C8C2AB773E100C33F7D /* HuacaBrava */ = {
			isa = PBXGroup;
			children = (
				B76772612AC8818F0024A694 /* carta */,
				B7446D922AC49178001D80B3 /* admin */,
				B7350C8D2AB773E100C33F7D /* AppDelegate.swift */,
				B7350C8F2AB773E100C33F7D /* SceneDelegate.swift */,
				B7350C912AB773E100C33F7D /* ViewController.swift */,
				B7350C932AB773E100C33F7D /* Main.storyboard */,
				B7350C962AB773E200C33F7D /* Assets.xcassets */,
				B7350C982AB773E200C33F7D /* LaunchScreen.storyboard */,
				B7350C9B2AB773E200C33F7D /* Info.plist */,
				B70D145C2ABB5FA5001F4014 /* LoginViewController.swift */,
				B70D145E2ABB663D001F4014 /* MenuViewController.swift */,
				B7DDCDA42AD1A4B80029242D /* RegisterViewController.swift */,
				B7C5363E2AD716CC0083609C /* LoginAltViewController.swift */,
				B7E7D8BA2AD7208E0050D737 /* CarritoViewController.swift */,
				B747EF8A2ADAE55F00589DA7 /* RegisterAltViewController.swift */,
				B7D8199B2ADB034400D019B9 /* CreditosViewController.swift */,
			);
			path = HuacaBrava;
			sourceTree = "<group>";
		};
		B7446D922AC49178001D80B3 /* admin */ = {
			isa = PBXGroup;
			children = (
				B77A6BF82ABF46FA009D55B6 /* AdminLoginViewController.swift */,
				B77A6BFC2ABF4C32009D55B6 /* AdminViewController.swift */,
				B7FD32082AC8667F00104E81 /* bebida */,
				B7446D9B2AC49EF3001D80B3 /* empleado */,
				B7446D932AC49188001D80B3 /* plato */,
			);
			path = admin;
			sourceTree = "<group>";
		};
		B7446D932AC49188001D80B3 /* plato */ = {
			isa = PBXGroup;
			children = (
				B7446D942AC491B9001D80B3 /* AdminPlatoTableViewCell.swift */,
				B7446D962AC492A0001D80B3 /* AdminPlatoViewController.swift */,
				B7446D982AC49344001D80B3 /* AdminPlato.swift */,
			);
			path = plato;
			sourceTree = "<group>";
		};
		B7446D9B2AC49EF3001D80B3 /* empleado */ = {
			isa = PBXGroup;
			children = (
				B7446D9C2AC4A385001D80B3 /* AdminEmpleadoTableViewCell.swift */,
				B7446D9E2AC4A565001D80B3 /* AdminEmpleado.swift */,
				B7446DA02AC4A5DE001D80B3 /* AdminEmpleadoViewController.swift */,
			);
			path = empleado;
			sourceTree = "<group>";
		};
		B76772612AC8818F0024A694 /* carta */ = {
			isa = PBXGroup;
			children = (
				B76772622AC881BF0024A694 /* CartaTableViewCell.swift */,
				B76772642AC882200024A694 /* CartaViewController.swift */,
				B76772662AC882630024A694 /* Carta.swift */,
				B7DDCDA62AD1AA5A0029242D /* CartaSecondViewController.swift */,
			);
			path = carta;
			sourceTree = "<group>";
		};
		B7FD32082AC8667F00104E81 /* bebida */ = {
			isa = PBXGroup;
			children = (
				B7FD32092AC866A700104E81 /* AdminBebidaTableViewCell.swift */,
				B7FD320B2AC868E000104E81 /* AdminBebida.swift */,
				B7FD320F2AC871F500104E81 /* AdminBebidaViewController.swift */,
			);
			path = bebida;
			sourceTree = "<group>";
		};
/* End PBXGroup section */

/* Begin PBXNativeTarget section */
		B7350C892AB773E100C33F7D /* HuacaBrava */ = {
			isa = PBXNativeTarget;
			buildConfigurationList = B7350C9E2AB773E200C33F7D /* Build configuration list for PBXNativeTarget "HuacaBrava" */;
			buildPhases = (
				B7350C862AB773E100C33F7D /* Sources */,
				B7350C872AB773E100C33F7D /* Frameworks */,
				B7350C882AB773E100C33F7D /* Resources */,
			);
			buildRules = (
			);
			dependencies = (
			);
			name = HuacaBrava;
			productName = HuacaBrava;
			productReference = B7350C8A2AB773E100C33F7D /* HuacaBrava.app */;
			productType = "com.apple.product-type.application";
		};
/* End PBXNativeTarget section */

/* Begin PBXProject section */
		B7350C822AB773E100C33F7D /* Project object */ = {
			isa = PBXProject;
			attributes = {
				BuildIndependentTargetsInParallel = 1;
				LastSwiftUpdateCheck = 1430;
				LastUpgradeCheck = 1430;
				TargetAttributes = {
					B7350C892AB773E100C33F7D = {
						CreatedOnToolsVersion = 14.3;
					};
				};
			};
			buildConfigurationList = B7350C852AB773E100C33F7D /* Build configuration list for PBXProject "HuacaBrava" */;
			compatibilityVersion = "Xcode 14.0";
			developmentRegion = en;
			hasScannedForEncodings = 0;
			knownRegions = (
				en,
				Base,
			);
			mainGroup = B7350C812AB773E100C33F7D;
			productRefGroup = B7350C8B2AB773E100C33F7D /* Products */;
			projectDirPath = "";
			projectRoot = "";
			targets = (
				B7350C892AB773E100C33F7D /* HuacaBrava */,
			);
		};
/* End PBXProject section */

/* Begin PBXResourcesBuildPhase section */
		B7350C882AB773E100C33F7D /* Resources */ = {
			isa = PBXResourcesBuildPhase;
			buildActionMask = 2147483647;
			files = (
				B7350C9A2AB773E200C33F7D /* LaunchScreen.storyboard in Resources */,
				B7350C972AB773E200C33F7D /* Assets.xcassets in Resources */,
				B7350C952AB773E100C33F7D /* Main.storyboard in Resources */,
			);
			runOnlyForDeploymentPostprocessing = 0;
		};
/* End PBXResourcesBuildPhase section */

/* Begin PBXSourcesBuildPhase section */
		B7350C862AB773E100C33F7D /* Sources */ = {
			isa = PBXSourcesBuildPhase;
			buildActionMask = 2147483647;
			files = (
				B76772652AC882200024A694 /* CartaViewController.swift in Sources */,
				B77A6BF92ABF46FA009D55B6 /* AdminLoginViewController.swift in Sources */,
				B7C5363F2AD716CC0083609C /* LoginAltViewController.swift in Sources */,
				B7446DA12AC4A5DE001D80B3 /* AdminEmpleadoViewController.swift in Sources */,
				B70D145D2ABB5FA5001F4014 /* LoginViewController.swift in Sources */,
				B7E7D8BB2AD7208E0050D737 /* CarritoViewController.swift in Sources */,
				B7446D9F2AC4A565001D80B3 /* AdminEmpleado.swift in Sources */,
				B7DDCDA72AD1AA5A0029242D /* CartaSecondViewController.swift in Sources */,
				B7446D992AC49344001D80B3 /* AdminPlato.swift in Sources */,
				B7D8199C2ADB034400D019B9 /* CreditosViewController.swift in Sources */,
				B76772672AC882630024A694 /* Carta.swift in Sources */,
				B70D145F2ABB663D001F4014 /* MenuViewController.swift in Sources */,
				B7446D972AC492A0001D80B3 /* AdminPlatoViewController.swift in Sources */,
				B7446D9D2AC4A385001D80B3 /* AdminEmpleadoTableViewCell.swift in Sources */,
				B77A6BFD2ABF4C32009D55B6 /* AdminViewController.swift in Sources */,
				B7DDCDA52AD1A4B80029242D /* RegisterViewController.swift in Sources */,
				B747EF8B2ADAE55F00589DA7 /* RegisterAltViewController.swift in Sources */,
				B7FD32102AC871F500104E81 /* AdminBebidaViewController.swift in Sources */,
				B7FD320C2AC868E000104E81 /* AdminBebida.swift in Sources */,
				B7446D952AC491B9001D80B3 /* AdminPlatoTableViewCell.swift in Sources */,
				B7350C922AB773E100C33F7D /* ViewController.swift in Sources */,
				B7350C8E2AB773E100C33F7D /* AppDelegate.swift in Sources */,
				B76772632AC881BF0024A694 /* CartaTableViewCell.swift in Sources */,
				B7FD320A2AC866A700104E81 /* AdminBebidaTableViewCell.swift in Sources */,
				B7350C902AB773E100C33F7D /* SceneDelegate.swift in Sources */,
			);
			runOnlyForDeploymentPostprocessing = 0;
		};
/* End PBXSourcesBuildPhase section */

/* Begin PBXVariantGroup section */
		B7350C932AB773E100C33F7D /* Main.storyboard */ = {
			isa = PBXVariantGroup;
			children = (
				B7350C942AB773E100C33F7D /* Base */,
			);
			name = Main.storyboard;
			sourceTree = "<group>";
		};
		B7350C982AB773E200C33F7D /* LaunchScreen.storyboard */ = {
			isa = PBXVariantGroup;
			children = (
				B7350C992AB773E200C33F7D /* Base */,
			);
			name = LaunchScreen.storyboard;
			sourceTree = "<group>";
		};
/* End PBXVariantGroup section */

/* Begin XCBuildConfiguration section */
		B7350C9C2AB773E200C33F7D /* Debug */ = {
			isa = XCBuildConfiguration;
			buildSettings = {
				ALWAYS_SEARCH_USER_PATHS = NO;
				CLANG_ANALYZER_NONNULL = YES;
				CLANG_ANALYZER_NUMBER_OBJECT_CONVERSION = YES_AGGRESSIVE;
				CLANG_CXX_LANGUAGE_STANDARD = "gnu++20";
				CLANG_ENABLE_MODULES = YES;
				CLANG_ENABLE_OBJC_ARC = YES;
				CLANG_ENABLE_OBJC_WEAK = YES;
				CLANG_WARN_BLOCK_CAPTURE_AUTORELEASING = YES;
				CLANG_WARN_BOOL_CONVERSION = YES;
				CLANG_WARN_COMMA = YES;
				CLANG_WARN_CONSTANT_CONVERSION = YES;
				CLANG_WARN_DEPRECATED_OBJC_IMPLEMENTATIONS = YES;
				CLANG_WARN_DIRECT_OBJC_ISA_USAGE = YES_ERROR;
				CLANG_WARN_DOCUMENTATION_COMMENTS = YES;
				CLANG_WARN_EMPTY_BODY = YES;
				CLANG_WARN_ENUM_CONVERSION = YES;
				CLANG_WARN_INFINITE_RECURSION = YES;
				CLANG_WARN_INT_CONVERSION = YES;
				CLANG_WARN_NON_LITERAL_NULL_CONVERSION = YES;
				CLANG_WARN_OBJC_IMPLICIT_RETAIN_SELF = YES;
				CLANG_WARN_OBJC_LITERAL_CONVERSION = YES;
				CLANG_WARN_OBJC_ROOT_CLASS = YES_ERROR;
				CLANG_WARN_QUOTED_INCLUDE_IN_FRAMEWORK_HEADER = YES;
				CLANG_WARN_RANGE_LOOP_ANALYSIS = YES;
				CLANG_WARN_STRICT_PROTOTYPES = YES;
				CLANG_WARN_SUSPICIOUS_MOVE = YES;
				CLANG_WARN_UNGUARDED_AVAILABILITY = YES_AGGRESSIVE;
				CLANG_WARN_UNREACHABLE_CODE = YES;
				CLANG_WARN__DUPLICATE_METHOD_MATCH = YES;
				COPY_PHASE_STRIP = NO;
				DEBUG_INFORMATION_FORMAT = dwarf;
				ENABLE_STRICT_OBJC_MSGSEND = YES;
				ENABLE_TESTABILITY = YES;
				GCC_C_LANGUAGE_STANDARD = gnu11;
				GCC_DYNAMIC_NO_PIC = NO;
				GCC_NO_COMMON_BLOCKS = YES;
				GCC_OPTIMIZATION_LEVEL = 0;
				GCC_PREPROCESSOR_DEFINITIONS = (
					"DEBUG=1",
					"$(inherited)",
				);
				GCC_WARN_64_TO_32_BIT_CONVERSION = YES;
				GCC_WARN_ABOUT_RETURN_TYPE = YES_ERROR;
				GCC_WARN_UNDECLARED_SELECTOR = YES;
				GCC_WARN_UNINITIALIZED_AUTOS = YES_AGGRESSIVE;
				GCC_WARN_UNUSED_FUNCTION = YES;
				GCC_WARN_UNUSED_VARIABLE = YES;
				IPHONEOS_DEPLOYMENT_TARGET = 16.4;
				MTL_ENABLE_DEBUG_INFO = INCLUDE_SOURCE;
				MTL_FAST_MATH = YES;
				ONLY_ACTIVE_ARCH = YES;
				SDKROOT = iphoneos;
				SWIFT_ACTIVE_COMPILATION_CONDITIONS = DEBUG;
				SWIFT_OPTIMIZATION_LEVEL = "-Onone";
			};
			name = Debug;
		};
		B7350C9D2AB773E200C33F7D /* Release */ = {
			isa = XCBuildConfiguration;
			buildSettings = {
				ALWAYS_SEARCH_USER_PATHS = NO;
				CLANG_ANALYZER_NONNULL = YES;
				CLANG_ANALYZER_NUMBER_OBJECT_CONVERSION = YES_AGGRESSIVE;
				CLANG_CXX_LANGUAGE_STANDARD = "gnu++20";
				CLANG_ENABLE_MODULES = YES;
				CLANG_ENABLE_OBJC_ARC = YES;
				CLANG_ENABLE_OBJC_WEAK = YES;
				CLANG_WARN_BLOCK_CAPTURE_AUTORELEASING = YES;
				CLANG_WARN_BOOL_CONVERSION = YES;
				CLANG_WARN_COMMA = YES;
				CLANG_WARN_CONSTANT_CONVERSION = YES;
				CLANG_WARN_DEPRECATED_OBJC_IMPLEMENTATIONS = YES;
				CLANG_WARN_DIRECT_OBJC_ISA_USAGE = YES_ERROR;
				CLANG_WARN_DOCUMENTATION_COMMENTS = YES;
				CLANG_WARN_EMPTY_BODY = YES;
				CLANG_WARN_ENUM_CONVERSION = YES;
				CLANG_WARN_INFINITE_RECURSION = YES;
				CLANG_WARN_INT_CONVERSION = YES;
				CLANG_WARN_NON_LITERAL_NULL_CONVERSION = YES;
				CLANG_WARN_OBJC_IMPLICIT_RETAIN_SELF = YES;
				CLANG_WARN_OBJC_LITERAL_CONVERSION = YES;
				CLANG_WARN_OBJC_ROOT_CLASS = YES_ERROR;
				CLANG_WARN_QUOTED_INCLUDE_IN_FRAMEWORK_HEADER = YES;
				CLANG_WARN_RANGE_LOOP_ANALYSIS = YES;
				CLANG_WARN_STRICT_PROTOTYPES = YES;
				CLANG_WARN_SUSPICIOUS_MOVE = YES;
				CLANG_WARN_UNGUARDED_AVAILABILITY = YES_AGGRESSIVE;
				CLANG_WARN_UNREACHABLE_CODE = YES;
				CLANG_WARN__DUPLICATE_METHOD_MATCH = YES;
				COPY_PHASE_STRIP = NO;
				DEBUG_INFORMATION_FORMAT = "dwarf-with-dsym";
				ENABLE_NS_ASSERTIONS = NO;
				ENABLE_STRICT_OBJC_MSGSEND = YES;
				GCC_C_LANGUAGE_STANDARD = gnu11;
				GCC_NO_COMMON_BLOCKS = YES;
				GCC_WARN_64_TO_32_BIT_CONVERSION = YES;
				GCC_WARN_ABOUT_RETURN_TYPE = YES_ERROR;
				GCC_WARN_UNDECLARED_SELECTOR = YES;
				GCC_WARN_UNINITIALIZED_AUTOS = YES_AGGRESSIVE;
				GCC_WARN_UNUSED_FUNCTION = YES;
				GCC_WARN_UNUSED_VARIABLE = YES;
				IPHONEOS_DEPLOYMENT_TARGET = 16.4;
				MTL_ENABLE_DEBUG_INFO = NO;
				MTL_FAST_MATH = YES;
				SDKROOT = iphoneos;
				SWIFT_COMPILATION_MODE = wholemodule;
				SWIFT_OPTIMIZATION_LEVEL = "-O";
				VALIDATE_PRODUCT = YES;
			};
			name = Release;
		};
		B7350C9F2AB773E200C33F7D /* Debug */ = {
			isa = XCBuildConfiguration;
			buildSettings = {
				ASSETCATALOG_COMPILER_APPICON_NAME = AppIcon;
				ASSETCATALOG_COMPILER_GLOBAL_ACCENT_COLOR_NAME = AccentColor;
				CODE_SIGN_STYLE = Automatic;
				CURRENT_PROJECT_VERSION = 1;
				GENERATE_INFOPLIST_FILE = YES;
				INFOPLIST_FILE = HuacaBrava/Info.plist;
				INFOPLIST_KEY_UIApplicationSupportsIndirectInputEvents = YES;
				INFOPLIST_KEY_UILaunchStoryboardName = LaunchScreen;
				INFOPLIST_KEY_UIMainStoryboardFile = Main;
				INFOPLIST_KEY_UISupportedInterfaceOrientations_iPad = "UIInterfaceOrientationPortrait UIInterfaceOrientationPortraitUpsideDown UIInterfaceOrientationLandscapeLeft UIInterfaceOrientationLandscapeRight";
				INFOPLIST_KEY_UISupportedInterfaceOrientations_iPhone = "UIInterfaceOrientationPortrait UIInterfaceOrientationLandscapeLeft UIInterfaceOrientationLandscapeRight";
				LD_RUNPATH_SEARCH_PATHS = (
					"$(inherited)",
					"@executable_path/Frameworks",
				);
				MARKETING_VERSION = 1.0;
				PRODUCT_BUNDLE_IDENTIFIER = pe.restaurante.HuacaBrava;
				PRODUCT_NAME = "$(TARGET_NAME)";
				SWIFT_EMIT_LOC_STRINGS = YES;
				SWIFT_VERSION = 5.0;
				TARGETED_DEVICE_FAMILY = "1,2";
			};
			name = Debug;
		};
		B7350CA02AB773E200C33F7D /* Release */ = {
			isa = XCBuildConfiguration;
			buildSettings = {
				ASSETCATALOG_COMPILER_APPICON_NAME = AppIcon;
				ASSETCATALOG_COMPILER_GLOBAL_ACCENT_COLOR_NAME = AccentColor;
				CODE_SIGN_STYLE = Automatic;
				CURRENT_PROJECT_VERSION = 1;
				GENERATE_INFOPLIST_FILE = YES;
				INFOPLIST_FILE = HuacaBrava/Info.plist;
				INFOPLIST_KEY_UIApplicationSupportsIndirectInputEvents = YES;
				INFOPLIST_KEY_UILaunchStoryboardName = LaunchScreen;
				INFOPLIST_KEY_UIMainStoryboardFile = Main;
				INFOPLIST_KEY_UISupportedInterfaceOrientations_iPad = "UIInterfaceOrientationPortrait UIInterfaceOrientationPortraitUpsideDown UIInterfaceOrientationLandscapeLeft UIInterfaceOrientationLandscapeRight";
				INFOPLIST_KEY_UISupportedInterfaceOrientations_iPhone = "UIInterfaceOrientationPortrait UIInterfaceOrientationLandscapeLeft UIInterfaceOrientationLandscapeRight";
				LD_RUNPATH_SEARCH_PATHS = (
					"$(inherited)",
					"@executable_path/Frameworks",
				);
				MARKETING_VERSION = 1.0;
				PRODUCT_BUNDLE_IDENTIFIER = pe.restaurante.HuacaBrava;
				PRODUCT_NAME = "$(TARGET_NAME)";
				SWIFT_EMIT_LOC_STRINGS = YES;
				SWIFT_VERSION = 5.0;
				TARGETED_DEVICE_FAMILY = "1,2";
			};
			name = Release;
		};
/* End XCBuildConfiguration section */

/* Begin XCConfigurationList section */
		B7350C852AB773E100C33F7D /* Build configuration list for PBXProject "HuacaBrava" */ = {
			isa = XCConfigurationList;
			buildConfigurations = (
				B7350C9C2AB773E200C33F7D /* Debug */,
				B7350C9D2AB773E200C33F7D /* Release */,
			);
			defaultConfigurationIsVisible = 0;
			defaultConfigurationName = Release;
		};
		B7350C9E2AB773E200C33F7D /* Build configuration list for PBXNativeTarget "HuacaBrava" */ = {
			isa = XCConfigurationList;
			buildConfigurations = (
				B7350C9F2AB773E200C33F7D /* Debug */,
				B7350CA02AB773E200C33F7D /* Release */,
			);
			defaultConfigurationIsVisible = 0;
			defaultConfigurationName = Release;
		};
/* End XCConfigurationList section */
	};
	rootObject = B7350C822AB773E100C33F7D /* Project object */;
}
